
Microsoft Visual Studio Solution File, Format Version 12.00
# Visual Studio 15
VisualStudioVersion = 15.0.28307.757
MinimumVisualStudioVersion = 10.0.40219.1
Project("{FAE04EC0-301F-11D3-BF4B-00C04F79EFBC}") = "Eeloo", "Eeloo\Eeloo.csproj", "{892C626F-F841-4207-94C2-73F12995BDAB}"
EndProject
Global
	GlobalSection(SolutionConfigurationPlatforms) = preSolution
		Debug|Any CPU = Debug|Any CPU
		Release|Any CPU = Release|Any CPU
	EndGlobalSection
	GlobalSection(ProjectConfigurationPlatforms) = postSolution
		{892C626F-F841-4207-94C2-73F12995BDAB}.Debug|Any CPU.ActiveCfg = Debug|Any CPU
		{892C626F-F841-4207-94C2-73F12995BDAB}.Debug|Any CPU.Build.0 = Debug|Any CPU
		{892C626F-F841-4207-94C2-73F12995BDAB}.Release|Any CPU.ActiveCfg = Release|Any CPU
		{892C626F-F841-4207-94C2-73F12995BDAB}.Release|Any CPU.Build.0 = Release|Any CPU
	EndGlobalSection
	GlobalSection(SolutionProperties) = preSolution
		HideSolutionNode = FALSE
	EndGlobalSection
	GlobalSection(ExtensibilityGlobals) = postSolution
		SolutionGuid = {982F88CE-7FCE-45CC-BFEB-AA85B2D0B760}
	EndGlobalSection
EndGlobal
